// !$*UTF8*$!
{
	archiveVersion = 1;
	classes = {
	};
	objectVersion = 56;
	objects = {

/* Begin PBXBuildFile section */
		3FD372DB29A3509400659451 /* AppDelegate.swift in Sources */ = {isa = PBXBuildFile; fileRef = 3FD372DA29A3509400659451 /* AppDelegate.swift */; };
		3FD372DD29A3509400659451 /* SceneDelegate.swift in Sources */ = {isa = PBXBuildFile; fileRef = 3FD372DC29A3509400659451 /* SceneDelegate.swift */; };
		3FD372DF29A3509400659451 /* ViewController.swift in Sources */ = {isa = PBXBuildFile; fileRef = 3FD372DE29A3509400659451 /* ViewController.swift */; };
		3FD372E229A3509400659451 /* Main.storyboard in Resources */ = {isa = PBXBuildFile; fileRef = 3FD372E029A3509400659451 /* Main.storyboard */; };
		3FD372E429A3509600659451 /* Assets.xcassets in Resources */ = {isa = PBXBuildFile; fileRef = 3FD372E329A3509600659451 /* Assets.xcassets */; };
		3FD372E729A3509600659451 /* LaunchScreen.storyboard in Resources */ = {isa = PBXBuildFile; fileRef = 3FD372E529A3509600659451 /* LaunchScreen.storyboard */; };
		9DD555456716C217C4F9AC05 /* Pods_qrcode_template.framework in Frameworks */ = {isa = PBXBuildFile; fileRef = 356E6144CAE23A2E20EBE16A /* Pods_qrcode_template.framework */; };
/* End PBXBuildFile section */

/* Begin PBXFileReference section */
		356E6144CAE23A2E20EBE16A /* Pods_qrcode_template.framework */ = {isa = PBXFileReference; explicitFileType = wrapper.framework; includeInIndex = 0; path = Pods_qrcode_template.framework; sourceTree = BUILT_PRODUCTS_DIR; };
		3FD372D729A3509400659451 /* qrcode-template.app */ = {isa = PBXFileReference; explicitFileType = wrapper.application; includeInIndex = 0; path = "qrcode-template.app"; sourceTree = BUILT_PRODUCTS_DIR; };
		3FD372DA29A3509400659451 /* AppDelegate.swift */ = {isa = PBXFileReference; lastKnownFileType = sourcecode.swift; path = AppDelegate.swift; sourceTree = "<group>"; };
		3FD372DC29A3509400659451 /* SceneDelegate.swift */ = {isa = PBXFileReference; lastKnownFileType = sourcecode.swift; path = SceneDelegate.swift; sourceTree = "<group>"; };
		3FD372DE29A3509400659451 /* ViewController.swift */ = {isa = PBXFileReference; lastKnownFileType = sourcecode.swift; path = ViewController.swift; sourceTree = "<group>"; };
		3FD372E129A3509400659451 /* Base */ = {isa = PBXFileReference; lastKnownFileType = file.storyboard; name = Base; path = Base.lproj/Main.storyboard; sourceTree = "<group>"; };
		3FD372E329A3509600659451 /* Assets.xcassets */ = {isa = PBXFileReference; lastKnownFileType = folder.assetcatalog; path = Assets.xcassets; sourceTree = "<group>"; };
		3FD372E629A3509600659451 /* Base */ = {isa = PBXFileReference; lastKnownFileType = file.storyboard; name = Base; path = Base.lproj/LaunchScreen.storyboard; sourceTree = "<group>"; };
		3FD372E829A3509600659451 /* Info.plist */ = {isa = PBXFileReference; lastKnownFileType = text.plist.xml; path = Info.plist; sourceTree = "<group>"; };
		AF58258906FAA581B46A0582 /* Pods-qrcode-template.debug.xcconfig */ = {isa = PBXFileReference; includeInIndex = 1; lastKnownFileType = text.xcconfig; name = "Pods-qrcode-template.debug.xcconfig"; path = "Target Support Files/Pods-qrcode-template/Pods-qrcode-template.debug.xcconfig"; sourceTree = "<group>"; };
		B756108E6E86BB166660CE84 /* Pods-qrcode-template.release.xcconfig */ = {isa = PBXFileReference; includeInIndex = 1; lastKnownFileType = text.xcconfig; name = "Pods-qrcode-template.release.xcconfig"; path = "Target Support Files/Pods-qrcode-template/Pods-qrcode-template.release.xcconfig"; sourceTree = "<group>"; };
/* End PBXFileReference section */

/* Begin PBXFrameworksBuildPhase section */
		3FD372D429A3509400659451 /* Frameworks */ = {
			isa = PBXFrameworksBuildPhase;
			buildActionMask = 2147483647;
			files = (
				9DD555456716C217C4F9AC05 /* Pods_qrcode_template.framework in Frameworks */,
			);
			runOnlyForDeploymentPostprocessing = 0;
		};
/* End PBXFrameworksBuildPhase section */

/* Begin PBXGroup section */
		3FD372CE29A3509400659451 = {
			isa = PBXGroup;
			children = (
				3FD372D929A3509400659451 /* qrcode-template */,
				3FD372D829A3509400659451 /* Products */,
				ED449D55EE19771F63994865 /* Pods */,
				6081B03EE4624BD9B73FAEDA /* Frameworks */,
			);
			sourceTree = "<group>";
		};
		3FD372D829A3509400659451 /* Products */ = {
			isa = PBXGroup;
			children = (
				3FD372D729A3509400659451 /* qrcode-template.app */,
			);
			name = Products;
			sourceTree = "<group>";
		};
		3FD372D929A3509400659451 /* qrcode-template */ = {
			isa = PBXGroup;
			children = (
				92F54E4F29A35308002CFCE3 /* Resources */,
				92F54E4E29A352ED002CFCE3 /* Application */,
				3FD372DE29A3509400659451 /* ViewController.swift */,
			);
			path = "qrcode-template";
			sourceTree = "<group>";
		};
		6081B03EE4624BD9B73FAEDA /* Frameworks */ = {
			isa = PBXGroup;
			children = (
				356E6144CAE23A2E20EBE16A /* Pods_qrcode_template.framework */,
			);
			name = Frameworks;
			sourceTree = "<group>";
		};
		92F54E4E29A352ED002CFCE3 /* Application */ = {
			isa = PBXGroup;
			children = (
				3FD372DA29A3509400659451 /* AppDelegate.swift */,
				3FD372DC29A3509400659451 /* SceneDelegate.swift */,
			);
			name = Application;
			sourceTree = "<group>";
		};
		92F54E4F29A35308002CFCE3 /* Resources */ = {
			isa = PBXGroup;
			children = (
				3FD372E029A3509400659451 /* Main.storyboard */,
				3FD372E329A3509600659451 /* Assets.xcassets */,
				3FD372E529A3509600659451 /* LaunchScreen.storyboard */,
				3FD372E829A3509600659451 /* Info.plist */,
			);
			path = Resources;
			sourceTree = "<group>";
		};
		ED449D55EE19771F63994865 /* Pods */ = {
			isa = PBXGroup;
			children = (
				AF58258906FAA581B46A0582 /* Pods-qrcode-template.debug.xcconfig */,
				B756108E6E86BB166660CE84 /* Pods-qrcode-template.release.xcconfig */,
			);
			path = Pods;
			sourceTree = "<group>";
		};
/* End PBXGroup section */

/* Begin PBXNativeTarget section */
		3FD372D629A3509400659451 /* qrcode-template */ = {
			isa = PBXNativeTarget;
			buildConfigurationList = 3FD372EB29A3509600659451 /* Build configuration list for PBXNativeTarget "qrcode-template" */;
			buildPhases = (
				C6B4865944E2B71673FED364 /* [CP] Check Pods Manifest.lock */,
				3FD372D329A3509400659451 /* Sources */,
				3FD372D429A3509400659451 /* Frameworks */,
				3FD372D529A3509400659451 /* Resources */,
				5B08A8315EF55FB8CF052697 /* [CP] Embed Pods Frameworks */,
			);
			buildRules = (
			);
			dependencies = (
			);
			name = "qrcode-template";
			productName = "qrcode-template";
			productReference = 3FD372D729A3509400659451 /* qrcode-template.app */;
			productType = "com.apple.product-type.application";
		};
/* End PBXNativeTarget section */

/* Begin PBXProject section */
		3FD372CF29A3509400659451 /* Project object */ = {
			isa = PBXProject;
			attributes = {
				BuildIndependentTargetsInParallel = 1;
				LastSwiftUpdateCheck = 1420;
				LastUpgradeCheck = 1420;
				TargetAttributes = {
					3FD372D629A3509400659451 = {
						CreatedOnToolsVersion = 14.2;
					};
				};
			};
			buildConfigurationList = 3FD372D229A3509400659451 /* Build configuration list for PBXProject "qrcode-template" */;
			compatibilityVersion = "Xcode 14.0";
			developmentRegion = en;
			hasScannedForEncodings = 0;
			knownRegions = (
				en,
				Base,
			);
			mainGroup = 3FD372CE29A3509400659451;
			productRefGroup = 3FD372D829A3509400659451 /* Products */;
			projectDirPath = "";
			projectRoot = "";
			targets = (
				3FD372D629A3509400659451 /* qrcode-template */,
			);
		};
/* End PBXProject section */

/* Begin PBXResourcesBuildPhase section */
		3FD372D529A3509400659451 /* Resources */ = {
			isa = PBXResourcesBuildPhase;
			buildActionMask = 2147483647;
			files = (
				3FD372E729A3509600659451 /* LaunchScreen.storyboard in Resources */,
				3FD372E429A3509600659451 /* Assets.xcassets in Resources */,
				3FD372E229A3509400659451 /* Main.storyboard in Resources */,
			);
			runOnlyForDeploymentPostprocessing = 0;
		};
/* End PBXResourcesBuildPhase section */

/* Begin PBXShellScriptBuildPhase section */
		5B08A8315EF55FB8CF052697 /* [CP] Embed Pods Frameworks */ = {
			isa = PBXShellScriptBuildPhase;
			buildActionMask = 2147483647;
			files = (
			);
			inputFileListPaths = (
				"${PODS_ROOT}/Target Support Files/Pods-qrcode-template/Pods-qrcode-template-frameworks-${CONFIGURATION}-input-files.xcfilelist",
			);
			name = "[CP] Embed Pods Frameworks";
			outputFileListPaths = (
				"${PODS_ROOT}/Target Support Files/Pods-qrcode-template/Pods-qrcode-template-frameworks-${CONFIGURATION}-output-files.xcfilelist",
			);
			runOnlyForDeploymentPostprocessing = 0;
			shellPath = /bin/sh;
			shellScript = "\"${PODS_ROOT}/Target Support Files/Pods-qrcode-template/Pods-qrcode-template-frameworks.sh\"\n";
			showEnvVarsInLog = 0;
		};
		C6B4865944E2B71673FED364 /* [CP] Check Pods Manifest.lock */ = {
			isa = PBXShellScriptBuildPhase;
			buildActionMask = 2147483647;
			files = (
			);
			inputFileListPaths = (
			);
			inputPaths = (
				"${PODS_PODFILE_DIR_PATH}/Podfile.lock",
				"${PODS_ROOT}/Manifest.lock",
			);
			name = "[CP] Check Pods Manifest.lock";
			outputFileListPaths = (
			);
			outputPaths = (
				"$(DERIVED_FILE_DIR)/Pods-qrcode-template-checkManifestLockResult.txt",
			);
			runOnlyForDeploymentPostprocessing = 0;
			shellPath = /bin/sh;
			shellScript = "diff \"${PODS_PODFILE_DIR_PATH}/Podfile.lock\" \"${PODS_ROOT}/Manifest.lock\" > /dev/null\nif [ $? != 0 ] ; then\n    # print error to STDERR\n    echo \"error: The sandbox is not in sync with the Podfile.lock. Run 'pod install' or update your CocoaPods installation.\" >&2\n    exit 1\nfi\n# This output is used by Xcode 'outputs' to avoid re-running this script phase.\necho \"SUCCESS\" > \"${SCRIPT_OUTPUT_FILE_0}\"\n";
			showEnvVarsInLog = 0;
		};
/* End PBXShellScriptBuildPhase section */

/* Begin PBXSourcesBuildPhase section */
		3FD372D329A3509400659451 /* Sources */ = {
			isa = PBXSourcesBuildPhase;
			buildActionMask = 2147483647;
			files = (
				3FD372DF29A3509400659451 /* ViewController.swift in Sources */,
				3FD372DB29A3509400659451 /* AppDelegate.swift in Sources */,
				3FD372DD29A3509400659451 /* SceneDelegate.swift in Sources */,
			);
			runOnlyForDeploymentPostprocessing = 0;
		};
/* End PBXSourcesBuildPhase section */

/* Begin PBXVariantGroup section */
		3FD372E029A3509400659451 /* Main.storyboard */ = {
			isa = PBXVariantGroup;
			children = (
				3FD372E129A3509400659451 /* Base */,
			);
			name = Main.storyboard;
			sourceTree = "<group>";
		};
		3FD372E529A3509600659451 /* LaunchScreen.storyboard */ = {
			isa = PBXVariantGroup;
			children = (
				3FD372E629A3509600659451 /* Base */,
			);
			name = LaunchScreen.storyboard;
			sourceTree = "<group>";
		};
/* End PBXVariantGroup section */

/* Begin XCBuildConfiguration section */
		3FD372E929A3509600659451 /* Debug */ = {
			isa = XCBuildConfiguration;
			buildSettings = {
				ALWAYS_SEARCH_USER_PATHS = NO;
				CLANG_ANALYZER_NONNULL = YES;
				CLANG_ANALYZER_NUMBER_OBJECT_CONVERSION = YES_AGGRESSIVE;
				CLANG_CXX_LANGUAGE_STANDARD = "gnu++20";
				CLANG_ENABLE_MODULES = YES;
				CLANG_ENABLE_OBJC_ARC = YES;
				CLANG_ENABLE_OBJC_WEAK = YES;
				CLANG_WARN_BLOCK_CAPTURE_AUTORELEASING = YES;
				CLANG_WARN_BOOL_CONVERSION = YES;
				CLANG_WARN_COMMA = YES;
				CLANG_WARN_CONSTANT_CONVERSION = YES;
				CLANG_WARN_DEPRECATED_OBJC_IMPLEMENTATIONS = YES;
				CLANG_WARN_DIRECT_OBJC_ISA_USAGE = YES_ERROR;
				CLANG_WARN_DOCUMENTATION_COMMENTS = YES;
				CLANG_WARN_EMPTY_BODY = YES;
				CLANG_WARN_ENUM_CONVERSION = YES;
				CLANG_WARN_INFINITE_RECURSION = YES;
				CLANG_WARN_INT_CONVERSION = YES;
				CLANG_WARN_NON_LITERAL_NULL_CONVERSION = YES;
				CLANG_WARN_OBJC_IMPLICIT_RETAIN_SELF = YES;
				CLANG_WARN_OBJC_LITERAL_CONVERSION = YES;
				CLANG_WARN_OBJC_ROOT_CLASS = YES_ERROR;
				CLANG_WARN_QUOTED_INCLUDE_IN_FRAMEWORK_HEADER = YES;
				CLANG_WARN_RANGE_LOOP_ANALYSIS = YES;
				CLANG_WARN_STRICT_PROTOTYPES = YES;
				CLANG_WARN_SUSPICIOUS_MOVE = YES;
				CLANG_WARN_UNGUARDED_AVAILABILITY = YES_AGGRESSIVE;
				CLANG_WARN_UNREACHABLE_CODE = YES;
				CLANG_WARN__DUPLICATE_METHOD_MATCH = YES;
				COPY_PHASE_STRIP = NO;
				DEBUG_INFORMATION_FORMAT = dwarf;
				ENABLE_STRICT_OBJC_MSGSEND = YES;
				ENABLE_TESTABILITY = YES;
				GCC_C_LANGUAGE_STANDARD = gnu11;
				GCC_DYNAMIC_NO_PIC = NO;
				GCC_NO_COMMON_BLOCKS = YES;
				GCC_OPTIMIZATION_LEVEL = 0;
				GCC_PREPROCESSOR_DEFINITIONS = (
					"DEBUG=1",
					"$(inherited)",
				);
				GCC_WARN_64_TO_32_BIT_CONVERSION = YES;
				GCC_WARN_ABOUT_RETURN_TYPE = YES_ERROR;
				GCC_WARN_UNDECLARED_SELECTOR = YES;
				GCC_WARN_UNINITIALIZED_AUTOS = YES_AGGRESSIVE;
				GCC_WARN_UNUSED_FUNCTION = YES;
				GCC_WARN_UNUSED_VARIABLE = YES;
				IPHONEOS_DEPLOYMENT_TARGET = 16.2;
				MTL_ENABLE_DEBUG_INFO = INCLUDE_SOURCE;
				MTL_FAST_MATH = YES;
				ONLY_ACTIVE_ARCH = YES;
				SDKROOT = iphoneos;
				SWIFT_ACTIVE_COMPILATION_CONDITIONS = DEBUG;
				SWIFT_OPTIMIZATION_LEVEL = "-Onone";
			};
			name = Debug;
		};
		3FD372EA29A3509600659451 /* Release */ = {
			isa = XCBuildConfiguration;
			buildSettings = {
				ALWAYS_SEARCH_USER_PATHS = NO;
				CLANG_ANALYZER_NONNULL = YES;
				CLANG_ANALYZER_NUMBER_OBJECT_CONVERSION = YES_AGGRESSIVE;
				CLANG_CXX_LANGUAGE_STANDARD = "gnu++20";
				CLANG_ENABLE_MODULES = YES;
				CLANG_ENABLE_OBJC_ARC = YES;
				CLANG_ENABLE_OBJC_WEAK = YES;
				CLANG_WARN_BLOCK_CAPTURE_AUTORELEASING = YES;
				CLANG_WARN_BOOL_CONVERSION = YES;
				CLANG_WARN_COMMA = YES;
				CLANG_WARN_CONSTANT_CONVERSION = YES;
				CLANG_WARN_DEPRECATED_OBJC_IMPLEMENTATIONS = YES;
				CLANG_WARN_DIRECT_OBJC_ISA_USAGE = YES_ERROR;
				CLANG_WARN_DOCUMENTATION_COMMENTS = YES;
				CLANG_WARN_EMPTY_BODY = YES;
				CLANG_WARN_ENUM_CONVERSION = YES;
				CLANG_WARN_INFINITE_RECURSION = YES;
				CLANG_WARN_INT_CONVERSION = YES;
				CLANG_WARN_NON_LITERAL_NULL_CONVERSION = YES;
				CLANG_WARN_OBJC_IMPLICIT_RETAIN_SELF = YES;
				CLANG_WARN_OBJC_LITERAL_CONVERSION = YES;
				CLANG_WARN_OBJC_ROOT_CLASS = YES_ERROR;
				CLANG_WARN_QUOTED_INCLUDE_IN_FRAMEWORK_HEADER = YES;
				CLANG_WARN_RANGE_LOOP_ANALYSIS = YES;
				CLANG_WARN_STRICT_PROTOTYPES = YES;
				CLANG_WARN_SUSPICIOUS_MOVE = YES;
				CLANG_WARN_UNGUARDED_AVAILABILITY = YES_AGGRESSIVE;
				CLANG_WARN_UNREACHABLE_CODE = YES;
				CLANG_WARN__DUPLICATE_METHOD_MATCH = YES;
				COPY_PHASE_STRIP = NO;
				DEBUG_INFORMATION_FORMAT = "dwarf-with-dsym";
				ENABLE_NS_ASSERTIONS = NO;
				ENABLE_STRICT_OBJC_MSGSEND = YES;
				GCC_C_LANGUAGE_STANDARD = gnu11;
				GCC_NO_COMMON_BLOCKS = YES;
				GCC_WARN_64_TO_32_BIT_CONVERSION = YES;
				GCC_WARN_ABOUT_RETURN_TYPE = YES_ERROR;
				GCC_WARN_UNDECLARED_SELECTOR = YES;
				GCC_WARN_UNINITIALIZED_AUTOS = YES_AGGRESSIVE;
				GCC_WARN_UNUSED_FUNCTION = YES;
				GCC_WARN_UNUSED_VARIABLE = YES;
				IPHONEOS_DEPLOYMENT_TARGET = 16.2;
				MTL_ENABLE_DEBUG_INFO = NO;
				MTL_FAST_MATH = YES;
				SDKROOT = iphoneos;
				SWIFT_COMPILATION_MODE = wholemodule;
				SWIFT_OPTIMIZATION_LEVEL = "-O";
				VALIDATE_PRODUCT = YES;
			};
			name = Release;
		};
		3FD372EC29A3509600659451 /* Debug */ = {
			isa = XCBuildConfiguration;
			baseConfigurationReference = AF58258906FAA581B46A0582 /* Pods-qrcode-template.debug.xcconfig */;
			buildSettings = {
				ASSETCATALOG_COMPILER_APPICON_NAME = AppIcon;
				ASSETCATALOG_COMPILER_GLOBAL_ACCENT_COLOR_NAME = AccentColor;
				CODE_SIGN_STYLE = Automatic;
				CURRENT_PROJECT_VERSION = 1;
				GENERATE_INFOPLIST_FILE = YES;
				INFOPLIST_FILE = "qrcode-template/Info.plist";
				INFOPLIST_KEY_UIApplicationSupportsIndirectInputEvents = YES;
				INFOPLIST_KEY_UILaunchStoryboardName = LaunchScreen;
				INFOPLIST_KEY_UIMainStoryboardFile = Main;
				INFOPLIST_KEY_UISupportedInterfaceOrientations_iPad = "UIInterfaceOrientationPortrait UIInterfaceOrientationPortraitUpsideDown UIInterfaceOrientationLandscapeLeft UIInterfaceOrientationLandscapeRight";
				INFOPLIST_KEY_UISupportedInterfaceOrientations_iPhone = "UIInterfaceOrientationPortrait UIInterfaceOrientationLandscapeLeft UIInterfaceOrientationLandscapeRight";
				LD_RUNPATH_SEARCH_PATHS = (
					"$(inherited)",
					"@executable_path/Frameworks",
				);
				MARKETING_VERSION = 1.0;
				PRODUCT_BUNDLE_IDENTIFIER = "Nura.qrcode-template";
				PRODUCT_NAME = "$(TARGET_NAME)";
				SWIFT_EMIT_LOC_STRINGS = YES;
				SWIFT_VERSION = 5.0;
				TARGETED_DEVICE_FAMILY = "1,2";
			};
			name = Debug;
		};
		3FD372ED29A3509600659451 /* Release */ = {
			isa = XCBuildConfiguration;
			baseConfigurationReference = B756108E6E86BB166660CE84 /* Pods-qrcode-template.release.xcconfig */;
			buildSettings = {
				ASSETCATALOG_COMPILER_APPICON_NAME = AppIcon;
				ASSETCATALOG_COMPILER_GLOBAL_ACCENT_COLOR_NAME = AccentColor;
				CODE_SIGN_STYLE = Automatic;
				CURRENT_PROJECT_VERSION = 1;
				GENERATE_INFOPLIST_FILE = YES;
				INFOPLIST_FILE = "qrcode-template/Info.plist";
				INFOPLIST_KEY_UIApplicationSupportsIndirectInputEvents = YES;
				INFOPLIST_KEY_UILaunchStoryboardName = LaunchScreen;
				INFOPLIST_KEY_UIMainStoryboardFile = Main;
				INFOPLIST_KEY_UISupportedInterfaceOrientations_iPad = "UIInterfaceOrientationPortrait UIInterfaceOrientationPortraitUpsideDown UIInterfaceOrientationLandscapeLeft UIInterfaceOrientationLandscapeRight";
				INFOPLIST_KEY_UISupportedInterfaceOrientations_iPhone = "UIInterfaceOrientationPortrait UIInterfaceOrientationLandscapeLeft UIInterfaceOrientationLandscapeRight";
				LD_RUNPATH_SEARCH_PATHS = (
					"$(inherited)",
					"@executable_path/Frameworks",
				);
				MARKETING_VERSION = 1.0;
				PRODUCT_BUNDLE_IDENTIFIER = "Nura.qrcode-template";
				PRODUCT_NAME = "$(TARGET_NAME)";
				SWIFT_EMIT_LOC_STRINGS = YES;
				SWIFT_VERSION = 5.0;
				TARGETED_DEVICE_FAMILY = "1,2";
			};
			name = Release;
		};
/* End XCBuildConfiguration section */

/* Begin XCConfigurationList section */
		3FD372D229A3509400659451 /* Build configuration list for PBXProject "qrcode-template" */ = {
			isa = XCConfigurationList;
			buildConfigurations = (
				3FD372E929A3509600659451 /* Debug */,
				3FD372EA29A3509600659451 /* Release */,
			);
			defaultConfigurationIsVisible = 0;
			defaultConfigurationName = Release;
		};
		3FD372EB29A3509600659451 /* Build configuration list for PBXNativeTarget "qrcode-template" */ = {
			isa = XCConfigurationList;
			buildConfigurations = (
				3FD372EC29A3509600659451 /* Debug */,
				3FD372ED29A3509600659451 /* Release */,
			);
			defaultConfigurationIsVisible = 0;
			defaultConfigurationName = Release;
		};
/* End XCConfigurationList section */
	};
	rootObject = 3FD372CF29A3509400659451 /* Project object */;
}
